
Microsoft Visual Studio Solution File, Format Version 12.00
# Visual Studio Version 17
VisualStudioVersion = 17.5.33530.505
MinimumVisualStudioVersion = 10.0.40219.1
Project("{9A19103F-16F7-4668-BE54-9A1E7A4F7556}") = "BookStoreServer", "BookStoreServer.csproj", "{18E4442D-468D-4AE3-AA4E-5EEE1A72D930}"
EndProject
Global
	GlobalSection(SolutionConfigurationPlatforms) = preSolution
		Debug|Any CPU = Debug|Any CPU
		Release|Any CPU = Release|Any CPU
	EndGlobalSection
	GlobalSection(ProjectConfigurationPlatforms) = postSolution
		{18E4442D-468D-4AE3-AA4E-5EEE1A72D930}.Debug|Any CPU.ActiveCfg = Debug|Any CPU
		{18E4442D-468D-4AE3-AA4E-5EEE1A72D930}.Debug|Any CPU.Build.0 = Debug|Any CPU
		{18E4442D-468D-4AE3-AA4E-5EEE1A72D930}.Release|Any CPU.ActiveCfg = Release|Any CPU
		{18E4442D-468D-4AE3-AA4E-5EEE1A72D930}.Release|Any CPU.Build.0 = Release|Any CPU
	EndGlobalSection
	GlobalSection(SolutionProperties) = preSolution
		HideSolutionNode = FALSE
	EndGlobalSection
	GlobalSection(ExtensibilityGlobals) = postSolution
		SolutionGuid = {719AA5D8-2341-4F45-AD0A-C82AC9504B77}
	EndGlobalSection
EndGlobal
